
Microsoft Visual Studio Solution File, Format Version 12.00
# Visual Studio Version 17
VisualStudioVersion = 17.3.32825.248
MinimumVisualStudioVersion = 10.0.40219.1
Project("{FAE04EC0-301F-11D3-BF4B-00C04F79EFBC}") = "ModulInheritance", "ModulInheritance\ModulInheritance.csproj", "{F7814275-8488-46F1-B483-4DEF08C49128}"
EndProject
Global
	GlobalSection(SolutionConfigurationPlatforms) = preSolution
		Debug|Any CPU = Debug|Any CPU
		Release|Any CPU = Release|Any CPU
	EndGlobalSection
	GlobalSection(ProjectConfigurationPlatforms) = postSolution
		{F7814275-8488-46F1-B483-4DEF08C49128}.Debug|Any CPU.ActiveCfg = Debug|Any CPU
		{F7814275-8488-46F1-B483-4DEF08C49128}.Debug|Any CPU.Build.0 = Debug|Any CPU
		{F7814275-8488-46F1-B483-4DEF08C49128}.Release|Any CPU.ActiveCfg = Release|Any CPU
		{F7814275-8488-46F1-B483-4DEF08C49128}.Release|Any CPU.Build.0 = Release|Any CPU
	EndGlobalSection
	GlobalSection(SolutionProperties) = preSolution
		HideSolutionNode = FALSE
	EndGlobalSection
	GlobalSection(ExtensibilityGlobals) = postSolution
		SolutionGuid = {92FC5147-71A1-4B45-8644-F9204523429E}
	EndGlobalSection
EndGlobal
